
Microsoft Visual Studio Solution File, Format Version 12.00
# Visual Studio Version 17
VisualStudioVersion = 17.11.35303.130
MinimumVisualStudioVersion = 10.0.40219.1
Project("{FAE04EC0-301F-11D3-BF4B-00C04F79EFBC}") = "BedCheck", "BedCheck\BedCheck.csproj", "{FF69DA85-E05F-48E8-8814-639F9111D10B}"
EndProject
Project("{FAE04EC0-301F-11D3-BF4B-00C04F79EFBC}") = "BedCheck.AccesoDatos", "BedCheck.AccesoDatos\BedCheck.AccesoDatos.csproj", "{1900C8AE-F751-42B5-8894-BC1D70D234C4}"
EndProject
Project("{FAE04EC0-301F-11D3-BF4B-00C04F79EFBC}") = "BedCheck.Models", "BedCheck.Models\BedCheck.Models.csproj", "{9B197286-B9E8-4887-8349-247047F99DF8}"
EndProject
Project("{FAE04EC0-301F-11D3-BF4B-00C04F79EFBC}") = "BedCheck.Utilidades", "BedCheck.Utilidades\BedCheck.Utilidades.csproj", "{D5491740-A5B2-4633-97A9-3BD50CD67C93}"
EndProject
Global
	GlobalSection(SolutionConfigurationPlatforms) = preSolution
		Debug|Any CPU = Debug|Any CPU
		Release|Any CPU = Release|Any CPU
	EndGlobalSection
	GlobalSection(ProjectConfigurationPlatforms) = postSolution
		{FF69DA85-E05F-48E8-8814-639F9111D10B}.Debug|Any CPU.ActiveCfg = Debug|Any CPU
		{FF69DA85-E05F-48E8-8814-639F9111D10B}.Debug|Any CPU.Build.0 = Debug|Any CPU
		{FF69DA85-E05F-48E8-8814-639F9111D10B}.Release|Any CPU.ActiveCfg = Release|Any CPU
		{FF69DA85-E05F-48E8-8814-639F9111D10B}.Release|Any CPU.Build.0 = Release|Any CPU
		{1900C8AE-F751-42B5-8894-BC1D70D234C4}.Debug|Any CPU.ActiveCfg = Debug|Any CPU
		{1900C8AE-F751-42B5-8894-BC1D70D234C4}.Debug|Any CPU.Build.0 = Debug|Any CPU
		{1900C8AE-F751-42B5-8894-BC1D70D234C4}.Release|Any CPU.ActiveCfg = Release|Any CPU
		{1900C8AE-F751-42B5-8894-BC1D70D234C4}.Release|Any CPU.Build.0 = Release|Any CPU
		{9B197286-B9E8-4887-8349-247047F99DF8}.Debug|Any CPU.ActiveCfg = Debug|Any CPU
		{9B197286-B9E8-4887-8349-247047F99DF8}.Debug|Any CPU.Build.0 = Debug|Any CPU
		{9B197286-B9E8-4887-8349-247047F99DF8}.Release|Any CPU.ActiveCfg = Release|Any CPU
		{9B197286-B9E8-4887-8349-247047F99DF8}.Release|Any CPU.Build.0 = Release|Any CPU
		{D5491740-A5B2-4633-97A9-3BD50CD67C93}.Debug|Any CPU.ActiveCfg = Debug|Any CPU
		{D5491740-A5B2-4633-97A9-3BD50CD67C93}.Debug|Any CPU.Build.0 = Debug|Any CPU
		{D5491740-A5B2-4633-97A9-3BD50CD67C93}.Release|Any CPU.ActiveCfg = Release|Any CPU
		{D5491740-A5B2-4633-97A9-3BD50CD67C93}.Release|Any CPU.Build.0 = Release|Any CPU
	EndGlobalSection
	GlobalSection(SolutionProperties) = preSolution
		HideSolutionNode = FALSE
	EndGlobalSection
	GlobalSection(ExtensibilityGlobals) = postSolution
		SolutionGuid = {C9C6B1D2-5C9C-4786-A51E-913E331A3A6F}
	EndGlobalSection
EndGlobal
